
Microsoft Visual Studio Solution File, Format Version 12.00
# Visual Studio Version 17
VisualStudioVersion = 17.1.32328.378
MinimumVisualStudioVersion = 10.0.40219.1
Project("{FAE04EC0-301F-11D3-BF4B-00C04F79EFBC}") = "Ltwo", "Ltwo\Ltwo.csproj", "{08D3C9C6-0A62-49B8-8057-A19811FFAC32}"
EndProject
Global
	GlobalSection(SolutionConfigurationPlatforms) = preSolution
		Debug|Any CPU = Debug|Any CPU
		Release|Any CPU = Release|Any CPU
	EndGlobalSection
	GlobalSection(ProjectConfigurationPlatforms) = postSolution
		{08D3C9C6-0A62-49B8-8057-A19811FFAC32}.Debug|Any CPU.ActiveCfg = Debug|Any CPU
		{08D3C9C6-0A62-49B8-8057-A19811FFAC32}.Debug|Any CPU.Build.0 = Debug|Any CPU
		{08D3C9C6-0A62-49B8-8057-A19811FFAC32}.Release|Any CPU.ActiveCfg = Release|Any CPU
		{08D3C9C6-0A62-49B8-8057-A19811FFAC32}.Release|Any CPU.Build.0 = Release|Any CPU
	EndGlobalSection
	GlobalSection(SolutionProperties) = preSolution
		HideSolutionNode = FALSE
	EndGlobalSection
	GlobalSection(ExtensibilityGlobals) = postSolution
		SolutionGuid = {B0D923B4-0B1A-43A1-89DC-650C8228DE93}
	EndGlobalSection
EndGlobal
